
Microsoft Visual Studio Solution File, Format Version 12.00
# Visual Studio 14
VisualStudioVersion = 14.0.25420.1
MinimumVisualStudioVersion = 10.0.40219.1
Project("{2150E333-8FDC-42A3-9474-1A3956D46DE8}") = "Core", "Core", "{241CFFB3-9D1C-4057-9474-3D5BC46F3C8D}"
EndProject
Project("{FAE04EC0-301F-11D3-BF4B-00C04F79EFBC}") = "EfDemo.Core.Model", "EfDemo.Core.Model\EfDemo.Core.Model.csproj", "{8687933E-5BD4-45B2-8386-4A2E2A937272}"
EndProject
Project("{FAE04EC0-301F-11D3-BF4B-00C04F79EFBC}") = "EfDemo.Core.Repositories", "EfDemo.Core.Repositories\EfDemo.Core.Repositories.csproj", "{D3BB4B1D-820C-4AA7-BE6E-BD81D485CE8E}"
EndProject
Project("{2150E333-8FDC-42A3-9474-1A3956D46DE8}") = "Data", "Data", "{0BC4205D-9EC5-43C5-BA26-10D1EB6C56AB}"
EndProject
Project("{2150E333-8FDC-42A3-9474-1A3956D46DE8}") = "Providers", "Providers", "{7E1D3F8C-6609-484E-9909-095D08479487}"
EndProject
Project("{FAE04EC0-301F-11D3-BF4B-00C04F79EFBC}") = "EfDemo.Data.Providers.SQL", "EfDemo.Data.Providers.SQL\EfDemo.Data.Providers.SQL.csproj", "{3F1277F5-2C85-4170-A2D2-A03FFB83E27C}"
EndProject
Project("{2150E333-8FDC-42A3-9474-1A3956D46DE8}") = "Presentation", "Presentation", "{F25AA0D5-3157-4B94-92B3-C257D03114C4}"
EndProject
Project("{2150E333-8FDC-42A3-9474-1A3956D46DE8}") = "Web", "Web", "{CEA7D4C8-4A53-4A80-96F2-EE8F8C1332A3}"
EndProject
Project("{FAE04EC0-301F-11D3-BF4B-00C04F79EFBC}") = "EfDemo.Data.Presentation.Web.DefaultSite", "EfDemo.Data.Presentation.Web.DefaultSite\EfDemo.Data.Presentation.Web.DefaultSite.csproj", "{DDC0D297-43DF-435B-B202-C914F6A28925}"
EndProject
Project("{2150E333-8FDC-42A3-9474-1A3956D46DE8}") = "Crosscutting", "Crosscutting", "{1A9A0E4C-DE44-4707-A5F0-42244B069185}"
EndProject
Project("{2150E333-8FDC-42A3-9474-1A3956D46DE8}") = "IoC", "IoC", "{9161B157-EB0A-4340-92FE-633A803A703A}"
EndProject
Project("{FAE04EC0-301F-11D3-BF4B-00C04F79EFBC}") = "EfDemo.Crosscutting.IoC.IoCFactory", "EfDemo.Crosscutting.IoC.IoCFactory\EfDemo.Crosscutting.IoC.IoCFactory.csproj", "{24028037-AC22-4250-8CA7-F8E495AED567}"
EndProject
Project("{FAE04EC0-301F-11D3-BF4B-00C04F79EFBC}") = "EfDemo.Crosscutting.IoC.Mvc", "EfDemo.Crosscutting.IoC.Mvc\EfDemo.Crosscutting.IoC.Mvc.csproj", "{AB0D38D7-5116-4485-8687-FA8CCB367B9B}"
EndProject
Project("{2150E333-8FDC-42A3-9474-1A3956D46DE8}") = "Application", "Application", "{B3F4053B-F924-40F7-BB3B-55524636346A}"
EndProject
Project("{2150E333-8FDC-42A3-9474-1A3956D46DE8}") = "Services", "Services", "{29EDE8CF-F236-4B03-8A2C-FE489B003731}"
EndProject
Project("{FAE04EC0-301F-11D3-BF4B-00C04F79EFBC}") = "EfDemo.Application.Services.Security", "EfDemo.Application.Services.Security\EfDemo.Application.Services.Security.csproj", "{E5A95ED0-88A6-4FA3-A3E9-D53EDCF6BFDD}"
EndProject
Project("{FAE04EC0-301F-11D3-BF4B-00C04F79EFBC}") = "EfDemo.Application.Services.NotificationService", "EfDemo.Application.Services.NotificationService\EfDemo.Application.Services.NotificationService.csproj", "{4AD8B2A3-34BD-4ADC-A3D5-5837F194FAF9}"
EndProject
Global
	GlobalSection(SolutionConfigurationPlatforms) = preSolution
		Debug|Any CPU = Debug|Any CPU
		Release|Any CPU = Release|Any CPU
	EndGlobalSection
	GlobalSection(ProjectConfigurationPlatforms) = postSolution
		{8687933E-5BD4-45B2-8386-4A2E2A937272}.Debug|Any CPU.ActiveCfg = Debug|Any CPU
		{8687933E-5BD4-45B2-8386-4A2E2A937272}.Debug|Any CPU.Build.0 = Debug|Any CPU
		{8687933E-5BD4-45B2-8386-4A2E2A937272}.Release|Any CPU.ActiveCfg = Release|Any CPU
		{8687933E-5BD4-45B2-8386-4A2E2A937272}.Release|Any CPU.Build.0 = Release|Any CPU
		{D3BB4B1D-820C-4AA7-BE6E-BD81D485CE8E}.Debug|Any CPU.ActiveCfg = Debug|Any CPU
		{D3BB4B1D-820C-4AA7-BE6E-BD81D485CE8E}.Debug|Any CPU.Build.0 = Debug|Any CPU
		{D3BB4B1D-820C-4AA7-BE6E-BD81D485CE8E}.Release|Any CPU.ActiveCfg = Release|Any CPU
		{D3BB4B1D-820C-4AA7-BE6E-BD81D485CE8E}.Release|Any CPU.Build.0 = Release|Any CPU
		{3F1277F5-2C85-4170-A2D2-A03FFB83E27C}.Debug|Any CPU.ActiveCfg = Debug|Any CPU
		{3F1277F5-2C85-4170-A2D2-A03FFB83E27C}.Debug|Any CPU.Build.0 = Debug|Any CPU
		{3F1277F5-2C85-4170-A2D2-A03FFB83E27C}.Release|Any CPU.ActiveCfg = Release|Any CPU
		{3F1277F5-2C85-4170-A2D2-A03FFB83E27C}.Release|Any CPU.Build.0 = Release|Any CPU
		{DDC0D297-43DF-435B-B202-C914F6A28925}.Debug|Any CPU.ActiveCfg = Debug|Any CPU
		{DDC0D297-43DF-435B-B202-C914F6A28925}.Debug|Any CPU.Build.0 = Debug|Any CPU
		{DDC0D297-43DF-435B-B202-C914F6A28925}.Release|Any CPU.ActiveCfg = Release|Any CPU
		{DDC0D297-43DF-435B-B202-C914F6A28925}.Release|Any CPU.Build.0 = Release|Any CPU
		{24028037-AC22-4250-8CA7-F8E495AED567}.Debug|Any CPU.ActiveCfg = Debug|Any CPU
		{24028037-AC22-4250-8CA7-F8E495AED567}.Debug|Any CPU.Build.0 = Debug|Any CPU
		{24028037-AC22-4250-8CA7-F8E495AED567}.Release|Any CPU.ActiveCfg = Release|Any CPU
		{24028037-AC22-4250-8CA7-F8E495AED567}.Release|Any CPU.Build.0 = Release|Any CPU
		{AB0D38D7-5116-4485-8687-FA8CCB367B9B}.Debug|Any CPU.ActiveCfg = Debug|Any CPU
		{AB0D38D7-5116-4485-8687-FA8CCB367B9B}.Debug|Any CPU.Build.0 = Debug|Any CPU
		{AB0D38D7-5116-4485-8687-FA8CCB367B9B}.Release|Any CPU.ActiveCfg = Release|Any CPU
		{AB0D38D7-5116-4485-8687-FA8CCB367B9B}.Release|Any CPU.Build.0 = Release|Any CPU
		{E5A95ED0-88A6-4FA3-A3E9-D53EDCF6BFDD}.Debug|Any CPU.ActiveCfg = Debug|Any CPU
		{E5A95ED0-88A6-4FA3-A3E9-D53EDCF6BFDD}.Debug|Any CPU.Build.0 = Debug|Any CPU
		{E5A95ED0-88A6-4FA3-A3E9-D53EDCF6BFDD}.Release|Any CPU.ActiveCfg = Release|Any CPU
		{E5A95ED0-88A6-4FA3-A3E9-D53EDCF6BFDD}.Release|Any CPU.Build.0 = Release|Any CPU
		{4AD8B2A3-34BD-4ADC-A3D5-5837F194FAF9}.Debug|Any CPU.ActiveCfg = Debug|Any CPU
		{4AD8B2A3-34BD-4ADC-A3D5-5837F194FAF9}.Debug|Any CPU.Build.0 = Debug|Any CPU
		{4AD8B2A3-34BD-4ADC-A3D5-5837F194FAF9}.Release|Any CPU.ActiveCfg = Release|Any CPU
		{4AD8B2A3-34BD-4ADC-A3D5-5837F194FAF9}.Release|Any CPU.Build.0 = Release|Any CPU
	EndGlobalSection
	GlobalSection(SolutionProperties) = preSolution
		HideSolutionNode = FALSE
	EndGlobalSection
	GlobalSection(NestedProjects) = preSolution
		{8687933E-5BD4-45B2-8386-4A2E2A937272} = {241CFFB3-9D1C-4057-9474-3D5BC46F3C8D}
		{D3BB4B1D-820C-4AA7-BE6E-BD81D485CE8E} = {241CFFB3-9D1C-4057-9474-3D5BC46F3C8D}
		{7E1D3F8C-6609-484E-9909-095D08479487} = {0BC4205D-9EC5-43C5-BA26-10D1EB6C56AB}
		{3F1277F5-2C85-4170-A2D2-A03FFB83E27C} = {7E1D3F8C-6609-484E-9909-095D08479487}
		{CEA7D4C8-4A53-4A80-96F2-EE8F8C1332A3} = {F25AA0D5-3157-4B94-92B3-C257D03114C4}
		{DDC0D297-43DF-435B-B202-C914F6A28925} = {CEA7D4C8-4A53-4A80-96F2-EE8F8C1332A3}
		{9161B157-EB0A-4340-92FE-633A803A703A} = {1A9A0E4C-DE44-4707-A5F0-42244B069185}
		{24028037-AC22-4250-8CA7-F8E495AED567} = {9161B157-EB0A-4340-92FE-633A803A703A}
		{AB0D38D7-5116-4485-8687-FA8CCB367B9B} = {9161B157-EB0A-4340-92FE-633A803A703A}
		{29EDE8CF-F236-4B03-8A2C-FE489B003731} = {B3F4053B-F924-40F7-BB3B-55524636346A}
		{E5A95ED0-88A6-4FA3-A3E9-D53EDCF6BFDD} = {29EDE8CF-F236-4B03-8A2C-FE489B003731}
		{4AD8B2A3-34BD-4ADC-A3D5-5837F194FAF9} = {29EDE8CF-F236-4B03-8A2C-FE489B003731}
	EndGlobalSection
EndGlobal
